// !$*UTF8*$!
{
	archiveVersion = 1;
	classes = {
	};
	objectVersion = 50;
	objects = {

/* Begin PBXBuildFile section */
		7326791723FF31DA003E4287 /* ErrorResult.swift in Sources */ = {isa = PBXBuildFile; fileRef = 7326791623FF31DA003E4287 /* ErrorResult.swift */; };
		7326791923FF3221003E4287 /* Result.swift in Sources */ = {isa = PBXBuildFile; fileRef = 7326791823FF3221003E4287 /* Result.swift */; };
		732CE4C523FD42F8005216E8 /* AppDelegate.swift in Sources */ = {isa = PBXBuildFile; fileRef = 732CE4C423FD42F8005216E8 /* AppDelegate.swift */; };
		732CE4C723FD42F8005216E8 /* SceneDelegate.swift in Sources */ = {isa = PBXBuildFile; fileRef = 732CE4C623FD42F8005216E8 /* SceneDelegate.swift */; };
		732CE4C923FD42F8005216E8 /* ViewController.swift in Sources */ = {isa = PBXBuildFile; fileRef = 732CE4C823FD42F8005216E8 /* ViewController.swift */; };
		732CE4CC23FD42F8005216E8 /* Main.storyboard in Resources */ = {isa = PBXBuildFile; fileRef = 732CE4CA23FD42F8005216E8 /* Main.storyboard */; };
		732CE4CE23FD42FA005216E8 /* Assets.xcassets in Resources */ = {isa = PBXBuildFile; fileRef = 732CE4CD23FD42FA005216E8 /* Assets.xcassets */; };
		732CE4D123FD42FA005216E8 /* LaunchScreen.storyboard in Resources */ = {isa = PBXBuildFile; fileRef = 732CE4CF23FD42FA005216E8 /* LaunchScreen.storyboard */; };
		732CE4DC23FD42FA005216E8 /* SimpleTableViewTests.swift in Sources */ = {isa = PBXBuildFile; fileRef = 732CE4DB23FD42FA005216E8 /* SimpleTableViewTests.swift */; };
		732CE4E723FD42FA005216E8 /* SimpleTableViewUITests.swift in Sources */ = {isa = PBXBuildFile; fileRef = 732CE4E623FD42FA005216E8 /* SimpleTableViewUITests.swift */; };
		735E046D23FEFB4600F5F634 /* DynamicValue.swift in Sources */ = {isa = PBXBuildFile; fileRef = 735E046C23FEFB4600F5F634 /* DynamicValue.swift */; };
		7364A9D42400723C00A3C851 /* ParserHelper.swift in Sources */ = {isa = PBXBuildFile; fileRef = 7364A9D32400723C00A3C851 /* ParserHelper.swift */; };
		7364A9D6240078BF00A3C851 /* RequestFactory.swift in Sources */ = {isa = PBXBuildFile; fileRef = 7364A9D5240078BF00A3C851 /* RequestFactory.swift */; };
		7364A9D824007A4400A3C851 /* RequestService.swift in Sources */ = {isa = PBXBuildFile; fileRef = 7364A9D724007A4400A3C851 /* RequestService.swift */; };
		7364A9E02400925100A3C851 /* PostViewModel.swift in Sources */ = {isa = PBXBuildFile; fileRef = 7364A9DF2400925100A3C851 /* PostViewModel.swift */; };
		7365B6EA24009C3700F25014 /* RequestHandler.swift in Sources */ = {isa = PBXBuildFile; fileRef = 7365B6E924009C3700F25014 /* RequestHandler.swift */; };
		7365B6EC2400A20D00F25014 /* InfoTableViewCell.swift in Sources */ = {isa = PBXBuildFile; fileRef = 7365B6EB2400A20D00F25014 /* InfoTableViewCell.swift */; };
		7365B6EF2400A87100F25014 /* Extension.swift in Sources */ = {isa = PBXBuildFile; fileRef = 7365B6EE2400A87100F25014 /* Extension.swift */; };
		7365B6F12400AC7C00F25014 /* ImageModel.swift in Sources */ = {isa = PBXBuildFile; fileRef = 7365B6F02400AC7C00F25014 /* ImageModel.swift */; };
		7365B6F32400B0A300F25014 /* PostModel.swift in Sources */ = {isa = PBXBuildFile; fileRef = 7365B6F22400B0A300F25014 /* PostModel.swift */; };
		7365B6F52400B13E00F25014 /* CommentModel.swift in Sources */ = {isa = PBXBuildFile; fileRef = 7365B6F42400B13E00F25014 /* CommentModel.swift */; };
		73A8F632240751D400618A15 /* PostService.swift in Sources */ = {isa = PBXBuildFile; fileRef = 73A8F631240751D400618A15 /* PostService.swift */; };
		73A8F634240777D000618A15 /* CommentService.swift in Sources */ = {isa = PBXBuildFile; fileRef = 73A8F633240777D000618A15 /* CommentService.swift */; };
		73A8F63624077D2D00618A15 /* ImageViewCell.swift in Sources */ = {isa = PBXBuildFile; fileRef = 73A8F63524077D2D00618A15 /* ImageViewCell.swift */; };
		73A8F63824077E4900618A15 /* CommentViewModel.swift in Sources */ = {isa = PBXBuildFile; fileRef = 73A8F63724077E4900618A15 /* CommentViewModel.swift */; };
		73A8F63A2407AACE00618A15 /* ImageTask.swift in Sources */ = {isa = PBXBuildFile; fileRef = 73A8F6392407AACE00618A15 /* ImageTask.swift */; };
/* End PBXBuildFile section */

/* Begin PBXContainerItemProxy section */
		732CE4D823FD42FA005216E8 /* PBXContainerItemProxy */ = {
			isa = PBXContainerItemProxy;
			containerPortal = 732CE4B923FD42F8005216E8 /* Project object */;
			proxyType = 1;
			remoteGlobalIDString = 732CE4C023FD42F8005216E8;
			remoteInfo = SimpleTableView;
		};
		732CE4E323FD42FA005216E8 /* PBXContainerItemProxy */ = {
			isa = PBXContainerItemProxy;
			containerPortal = 732CE4B923FD42F8005216E8 /* Project object */;
			proxyType = 1;
			remoteGlobalIDString = 732CE4C023FD42F8005216E8;
			remoteInfo = SimpleTableView;
		};
/* End PBXContainerItemProxy section */

/* Begin PBXFileReference section */
		7326791623FF31DA003E4287 /* ErrorResult.swift */ = {isa = PBXFileReference; lastKnownFileType = sourcecode.swift; path = ErrorResult.swift; sourceTree = "<group>"; };
		7326791823FF3221003E4287 /* Result.swift */ = {isa = PBXFileReference; lastKnownFileType = sourcecode.swift; path = Result.swift; sourceTree = "<group>"; };
		732CE4C123FD42F8005216E8 /* SimpleTableView.app */ = {isa = PBXFileReference; explicitFileType = wrapper.application; includeInIndex = 0; path = SimpleTableView.app; sourceTree = BUILT_PRODUCTS_DIR; };
		732CE4C423FD42F8005216E8 /* AppDelegate.swift */ = {isa = PBXFileReference; lastKnownFileType = sourcecode.swift; path = AppDelegate.swift; sourceTree = "<group>"; };
		732CE4C623FD42F8005216E8 /* SceneDelegate.swift */ = {isa = PBXFileReference; lastKnownFileType = sourcecode.swift; path = SceneDelegate.swift; sourceTree = "<group>"; };
		732CE4C823FD42F8005216E8 /* ViewController.swift */ = {isa = PBXFileReference; lastKnownFileType = sourcecode.swift; path = ViewController.swift; sourceTree = "<group>"; };
		732CE4CB23FD42F8005216E8 /* Base */ = {isa = PBXFileReference; lastKnownFileType = file.storyboard; name = Base; path = Base.lproj/Main.storyboard; sourceTree = "<group>"; };
		732CE4CD23FD42FA005216E8 /* Assets.xcassets */ = {isa = PBXFileReference; lastKnownFileType = folder.assetcatalog; path = Assets.xcassets; sourceTree = "<group>"; };
		732CE4D023FD42FA005216E8 /* Base */ = {isa = PBXFileReference; lastKnownFileType = file.storyboard; name = Base; path = Base.lproj/LaunchScreen.storyboard; sourceTree = "<group>"; };
		732CE4D223FD42FA005216E8 /* Info.plist */ = {isa = PBXFileReference; lastKnownFileType = text.plist.xml; path = Info.plist; sourceTree = "<group>"; };
		732CE4D723FD42FA005216E8 /* SimpleTableViewTests.xctest */ = {isa = PBXFileReference; explicitFileType = wrapper.cfbundle; includeInIndex = 0; path = SimpleTableViewTests.xctest; sourceTree = BUILT_PRODUCTS_DIR; };
		732CE4DB23FD42FA005216E8 /* SimpleTableViewTests.swift */ = {isa = PBXFileReference; lastKnownFileType = sourcecode.swift; path = SimpleTableViewTests.swift; sourceTree = "<group>"; };
		732CE4DD23FD42FA005216E8 /* Info.plist */ = {isa = PBXFileReference; lastKnownFileType = text.plist.xml; path = Info.plist; sourceTree = "<group>"; };
		732CE4E223FD42FA005216E8 /* SimpleTableViewUITests.xctest */ = {isa = PBXFileReference; explicitFileType = wrapper.cfbundle; includeInIndex = 0; path = SimpleTableViewUITests.xctest; sourceTree = BUILT_PRODUCTS_DIR; };
		732CE4E623FD42FA005216E8 /* SimpleTableViewUITests.swift */ = {isa = PBXFileReference; lastKnownFileType = sourcecode.swift; path = SimpleTableViewUITests.swift; sourceTree = "<group>"; };
		732CE4E823FD42FA005216E8 /* Info.plist */ = {isa = PBXFileReference; lastKnownFileType = text.plist.xml; path = Info.plist; sourceTree = "<group>"; };
		735E046C23FEFB4600F5F634 /* DynamicValue.swift */ = {isa = PBXFileReference; lastKnownFileType = sourcecode.swift; path = DynamicValue.swift; sourceTree = "<group>"; };
		7364A9D32400723C00A3C851 /* ParserHelper.swift */ = {isa = PBXFileReference; lastKnownFileType = sourcecode.swift; name = ParserHelper.swift; path = SimpleTableView/Service/Parser/ParserHelper.swift; sourceTree = SOURCE_ROOT; };
		7364A9D5240078BF00A3C851 /* RequestFactory.swift */ = {isa = PBXFileReference; lastKnownFileType = sourcecode.swift; path = RequestFactory.swift; sourceTree = "<group>"; };
		7364A9D724007A4400A3C851 /* RequestService.swift */ = {isa = PBXFileReference; lastKnownFileType = sourcecode.swift; path = RequestService.swift; sourceTree = "<group>"; };
		7364A9DF2400925100A3C851 /* PostViewModel.swift */ = {isa = PBXFileReference; lastKnownFileType = sourcecode.swift; path = PostViewModel.swift; sourceTree = "<group>"; };
		7365B6E924009C3700F25014 /* RequestHandler.swift */ = {isa = PBXFileReference; lastKnownFileType = sourcecode.swift; path = RequestHandler.swift; sourceTree = "<group>"; };
		7365B6EB2400A20D00F25014 /* InfoTableViewCell.swift */ = {isa = PBXFileReference; lastKnownFileType = sourcecode.swift; path = InfoTableViewCell.swift; sourceTree = "<group>"; };
		7365B6EE2400A87100F25014 /* Extension.swift */ = {isa = PBXFileReference; lastKnownFileType = sourcecode.swift; path = Extension.swift; sourceTree = "<group>"; };
		7365B6F02400AC7C00F25014 /* ImageModel.swift */ = {isa = PBXFileReference; lastKnownFileType = sourcecode.swift; path = ImageModel.swift; sourceTree = "<group>"; };
		7365B6F22400B0A300F25014 /* PostModel.swift */ = {isa = PBXFileReference; lastKnownFileType = sourcecode.swift; path = PostModel.swift; sourceTree = "<group>"; };
		7365B6F42400B13E00F25014 /* CommentModel.swift */ = {isa = PBXFileReference; lastKnownFileType = sourcecode.swift; path = CommentModel.swift; sourceTree = "<group>"; };
		73A8F631240751D400618A15 /* PostService.swift */ = {isa = PBXFileReference; lastKnownFileType = sourcecode.swift; path = PostService.swift; sourceTree = "<group>"; };
		73A8F633240777D000618A15 /* CommentService.swift */ = {isa = PBXFileReference; lastKnownFileType = sourcecode.swift; path = CommentService.swift; sourceTree = "<group>"; };
		73A8F63524077D2D00618A15 /* ImageViewCell.swift */ = {isa = PBXFileReference; lastKnownFileType = sourcecode.swift; path = ImageViewCell.swift; sourceTree = "<group>"; };
		73A8F63724077E4900618A15 /* CommentViewModel.swift */ = {isa = PBXFileReference; lastKnownFileType = sourcecode.swift; path = CommentViewModel.swift; sourceTree = "<group>"; };
		73A8F6392407AACE00618A15 /* ImageTask.swift */ = {isa = PBXFileReference; lastKnownFileType = sourcecode.swift; path = ImageTask.swift; sourceTree = "<group>"; };
/* End PBXFileReference section */

/* Begin PBXFrameworksBuildPhase section */
		732CE4BE23FD42F8005216E8 /* Frameworks */ = {
			isa = PBXFrameworksBuildPhase;
			buildActionMask = 2147483647;
			files = (
			);
			runOnlyForDeploymentPostprocessing = 0;
		};
		732CE4D423FD42FA005216E8 /* Frameworks */ = {
			isa = PBXFrameworksBuildPhase;
			buildActionMask = 2147483647;
			files = (
			);
			runOnlyForDeploymentPostprocessing = 0;
		};
		732CE4DF23FD42FA005216E8 /* Frameworks */ = {
			isa = PBXFrameworksBuildPhase;
			buildActionMask = 2147483647;
			files = (
			);
			runOnlyForDeploymentPostprocessing = 0;
		};
/* End PBXFrameworksBuildPhase section */

/* Begin PBXGroup section */
		7326791523FF31C6003E4287 /* Result */ = {
			isa = PBXGroup;
			children = (
				7326791623FF31DA003E4287 /* ErrorResult.swift */,
				7326791823FF3221003E4287 /* Result.swift */,
			);
			path = Result;
			sourceTree = "<group>";
		};
		732CE4B823FD42F8005216E8 = {
			isa = PBXGroup;
			children = (
				732CE4C323FD42F8005216E8 /* SimpleTableView */,
				732CE4DA23FD42FA005216E8 /* SimpleTableViewTests */,
				732CE4E523FD42FA005216E8 /* SimpleTableViewUITests */,
				732CE4C223FD42F8005216E8 /* Products */,
			);
			sourceTree = "<group>";
		};
		732CE4C223FD42F8005216E8 /* Products */ = {
			isa = PBXGroup;
			children = (
				732CE4C123FD42F8005216E8 /* SimpleTableView.app */,
				732CE4D723FD42FA005216E8 /* SimpleTableViewTests.xctest */,
				732CE4E223FD42FA005216E8 /* SimpleTableViewUITests.xctest */,
			);
			name = Products;
			sourceTree = "<group>";
		};
		732CE4C323FD42F8005216E8 /* SimpleTableView */ = {
			isa = PBXGroup;
			children = (
				7365B6ED2400A85600F25014 /* Extension */,
				7364A9D024006E9100A3C851 /* Service */,
				735E046923FEF9C200F5F634 /* Model */,
				735E046B23FEF9EF00F5F634 /* View */,
				735E046A23FEF9D000F5F634 /* ViewModel */,
				735E046823FEF9B000F5F634 /* Controller */,
				735E046523FEF91200F5F634 /* Support Files */,
			);
			path = SimpleTableView;
			sourceTree = "<group>";
		};
		732CE4DA23FD42FA005216E8 /* SimpleTableViewTests */ = {
			isa = PBXGroup;
			children = (
				732CE4DB23FD42FA005216E8 /* SimpleTableViewTests.swift */,
				732CE4DD23FD42FA005216E8 /* Info.plist */,
			);
			path = SimpleTableViewTests;
			sourceTree = "<group>";
		};
		732CE4E523FD42FA005216E8 /* SimpleTableViewUITests */ = {
			isa = PBXGroup;
			children = (
				732CE4E623FD42FA005216E8 /* SimpleTableViewUITests.swift */,
				732CE4E823FD42FA005216E8 /* Info.plist */,
			);
			path = SimpleTableViewUITests;
			sourceTree = "<group>";
		};
		735E046523FEF91200F5F634 /* Support Files */ = {
			isa = PBXGroup;
			children = (
				732CE4C423FD42F8005216E8 /* AppDelegate.swift */,
				732CE4C623FD42F8005216E8 /* SceneDelegate.swift */,
				732CE4CA23FD42F8005216E8 /* Main.storyboard */,
				732CE4CD23FD42FA005216E8 /* Assets.xcassets */,
				732CE4CF23FD42FA005216E8 /* LaunchScreen.storyboard */,
				732CE4D223FD42FA005216E8 /* Info.plist */,
			);
			name = "Support Files";
			sourceTree = "<group>";
		};
		735E046823FEF9B000F5F634 /* Controller */ = {
			isa = PBXGroup;
			children = (
				732CE4C823FD42F8005216E8 /* ViewController.swift */,
			);
			path = Controller;
			sourceTree = "<group>";
		};
		735E046923FEF9C200F5F634 /* Model */ = {
			isa = PBXGroup;
			children = (
				735E046C23FEFB4600F5F634 /* DynamicValue.swift */,
				73A8F6392407AACE00618A15 /* ImageTask.swift */,
				7365B6F02400AC7C00F25014 /* ImageModel.swift */,
				7365B6F22400B0A300F25014 /* PostModel.swift */,
				7365B6F42400B13E00F25014 /* CommentModel.swift */,
			);
			path = Model;
			sourceTree = "<group>";
		};
		735E046A23FEF9D000F5F634 /* ViewModel */ = {
			isa = PBXGroup;
			children = (
				7364A9DF2400925100A3C851 /* PostViewModel.swift */,
				73A8F63724077E4900618A15 /* CommentViewModel.swift */,
			);
			path = ViewModel;
			sourceTree = "<group>";
		};
		735E046B23FEF9EF00F5F634 /* View */ = {
			isa = PBXGroup;
			children = (
				7365B6EB2400A20D00F25014 /* InfoTableViewCell.swift */,
				73A8F63524077D2D00618A15 /* ImageViewCell.swift */,
			);
			path = View;
			sourceTree = "<group>";
		};
		7364A9D024006E9100A3C851 /* Service */ = {
			isa = PBXGroup;
			children = (
				73A8F6302407518400618A15 /* API */,
				7364A9D224006EAD00A3C851 /* Network */,
				7364A9D124006E9A00A3C851 /* Parser */,
				7326791523FF31C6003E4287 /* Result */,
			);
			path = Service;
			sourceTree = "<group>";
		};
		7364A9D124006E9A00A3C851 /* Parser */ = {
			isa = PBXGroup;
			children = (
				7364A9D32400723C00A3C851 /* ParserHelper.swift */,
			);
			path = Parser;
			sourceTree = "<group>";
		};
		7364A9D224006EAD00A3C851 /* Network */ = {
			isa = PBXGroup;
			children = (
				7364A9D5240078BF00A3C851 /* RequestFactory.swift */,
				7364A9D724007A4400A3C851 /* RequestService.swift */,
				7365B6E924009C3700F25014 /* RequestHandler.swift */,
			);
			path = Network;
			sourceTree = "<group>";
		};
		7365B6ED2400A85600F25014 /* Extension */ = {
			isa = PBXGroup;
			children = (
				7365B6EE2400A87100F25014 /* Extension.swift */,
			);
			path = Extension;
			sourceTree = "<group>";
		};
		73A8F6302407518400618A15 /* API */ = {
			isa = PBXGroup;
			children = (
				73A8F631240751D400618A15 /* PostService.swift */,
				73A8F633240777D000618A15 /* CommentService.swift */,
			);
			path = API;
			sourceTree = "<group>";
		};
/* End PBXGroup section */

/* Begin PBXNativeTarget section */
		732CE4C023FD42F8005216E8 /* SimpleTableView */ = {
			isa = PBXNativeTarget;
			buildConfigurationList = 732CE4EB23FD42FA005216E8 /* Build configuration list for PBXNativeTarget "SimpleTableView" */;
			buildPhases = (
				732CE4BD23FD42F8005216E8 /* Sources */,
				732CE4BE23FD42F8005216E8 /* Frameworks */,
				732CE4BF23FD42F8005216E8 /* Resources */,
			);
			buildRules = (
			);
			dependencies = (
			);
			name = SimpleTableView;
			productName = SimpleTableView;
			productReference = 732CE4C123FD42F8005216E8 /* SimpleTableView.app */;
			productType = "com.apple.product-type.application";
		};
		732CE4D623FD42FA005216E8 /* SimpleTableViewTests */ = {
			isa = PBXNativeTarget;
			buildConfigurationList = 732CE4EE23FD42FA005216E8 /* Build configuration list for PBXNativeTarget "SimpleTableViewTests" */;
			buildPhases = (
				732CE4D323FD42FA005216E8 /* Sources */,
				732CE4D423FD42FA005216E8 /* Frameworks */,
				732CE4D523FD42FA005216E8 /* Resources */,
			);
			buildRules = (
			);
			dependencies = (
				732CE4D923FD42FA005216E8 /* PBXTargetDependency */,
			);
			name = SimpleTableViewTests;
			productName = SimpleTableViewTests;
			productReference = 732CE4D723FD42FA005216E8 /* SimpleTableViewTests.xctest */;
			productType = "com.apple.product-type.bundle.unit-test";
		};
		732CE4E123FD42FA005216E8 /* SimpleTableViewUITests */ = {
			isa = PBXNativeTarget;
			buildConfigurationList = 732CE4F123FD42FA005216E8 /* Build configuration list for PBXNativeTarget "SimpleTableViewUITests" */;
			buildPhases = (
				732CE4DE23FD42FA005216E8 /* Sources */,
				732CE4DF23FD42FA005216E8 /* Frameworks */,
				732CE4E023FD42FA005216E8 /* Resources */,
			);
			buildRules = (
			);
			dependencies = (
				732CE4E423FD42FA005216E8 /* PBXTargetDependency */,
			);
			name = SimpleTableViewUITests;
			productName = SimpleTableViewUITests;
			productReference = 732CE4E223FD42FA005216E8 /* SimpleTableViewUITests.xctest */;
			productType = "com.apple.product-type.bundle.ui-testing";
		};
/* End PBXNativeTarget section */

/* Begin PBXProject section */
		732CE4B923FD42F8005216E8 /* Project object */ = {
			isa = PBXProject;
			attributes = {
				LastSwiftUpdateCheck = 1130;
				LastUpgradeCheck = 1250;
				ORGANIZATIONNAME = "Phuoc Ngo";
				TargetAttributes = {
					732CE4C023FD42F8005216E8 = {
						CreatedOnToolsVersion = 11.3.1;
					};
					732CE4D623FD42FA005216E8 = {
						CreatedOnToolsVersion = 11.3.1;
						TestTargetID = 732CE4C023FD42F8005216E8;
					};
					732CE4E123FD42FA005216E8 = {
						CreatedOnToolsVersion = 11.3.1;
						TestTargetID = 732CE4C023FD42F8005216E8;
					};
				};
			};
			buildConfigurationList = 732CE4BC23FD42F8005216E8 /* Build configuration list for PBXProject "SimpleTableView" */;
			compatibilityVersion = "Xcode 9.3";
			developmentRegion = en;
			hasScannedForEncodings = 0;
			knownRegions = (
				en,
				Base,
			);
			mainGroup = 732CE4B823FD42F8005216E8;
			productRefGroup = 732CE4C223FD42F8005216E8 /* Products */;
			projectDirPath = "";
			projectRoot = "";
			targets = (
				732CE4C023FD42F8005216E8 /* SimpleTableView */,
				732CE4D623FD42FA005216E8 /* SimpleTableViewTests */,
				732CE4E123FD42FA005216E8 /* SimpleTableViewUITests */,
			);
		};
/* End PBXProject section */

/* Begin PBXResourcesBuildPhase section */
		732CE4BF23FD42F8005216E8 /* Resources */ = {
			isa = PBXResourcesBuildPhase;
			buildActionMask = 2147483647;
			files = (
				732CE4D123FD42FA005216E8 /* LaunchScreen.storyboard in Resources */,
				732CE4CE23FD42FA005216E8 /* Assets.xcassets in Resources */,
				732CE4CC23FD42F8005216E8 /* Main.storyboard in Resources */,
			);
			runOnlyForDeploymentPostprocessing = 0;
		};
		732CE4D523FD42FA005216E8 /* Resources */ = {
			isa = PBXResourcesBuildPhase;
			buildActionMask = 2147483647;
			files = (
			);
			runOnlyForDeploymentPostprocessing = 0;
		};
		732CE4E023FD42FA005216E8 /* Resources */ = {
			isa = PBXResourcesBuildPhase;
			buildActionMask = 2147483647;
			files = (
			);
			runOnlyForDeploymentPostprocessing = 0;
		};
/* End PBXResourcesBuildPhase section */

/* Begin PBXSourcesBuildPhase section */
		732CE4BD23FD42F8005216E8 /* Sources */ = {
			isa = PBXSourcesBuildPhase;
			buildActionMask = 2147483647;
			files = (
				73A8F632240751D400618A15 /* PostService.swift in Sources */,
				7364A9E02400925100A3C851 /* PostViewModel.swift in Sources */,
				7365B6F52400B13E00F25014 /* CommentModel.swift in Sources */,
				7365B6F32400B0A300F25014 /* PostModel.swift in Sources */,
				7365B6EF2400A87100F25014 /* Extension.swift in Sources */,
				7364A9D6240078BF00A3C851 /* RequestFactory.swift in Sources */,
				7364A9D824007A4400A3C851 /* RequestService.swift in Sources */,
				73A8F63A2407AACE00618A15 /* ImageTask.swift in Sources */,
				7326791923FF3221003E4287 /* Result.swift in Sources */,
				73A8F63824077E4900618A15 /* CommentViewModel.swift in Sources */,
				7365B6EA24009C3700F25014 /* RequestHandler.swift in Sources */,
				7364A9D42400723C00A3C851 /* ParserHelper.swift in Sources */,
				732CE4C923FD42F8005216E8 /* ViewController.swift in Sources */,
				73A8F63624077D2D00618A15 /* ImageViewCell.swift in Sources */,
				7326791723FF31DA003E4287 /* ErrorResult.swift in Sources */,
				732CE4C523FD42F8005216E8 /* AppDelegate.swift in Sources */,
				73A8F634240777D000618A15 /* CommentService.swift in Sources */,
				7365B6EC2400A20D00F25014 /* InfoTableViewCell.swift in Sources */,
				735E046D23FEFB4600F5F634 /* DynamicValue.swift in Sources */,
				732CE4C723FD42F8005216E8 /* SceneDelegate.swift in Sources */,
				7365B6F12400AC7C00F25014 /* ImageModel.swift in Sources */,
			);
			runOnlyForDeploymentPostprocessing = 0;
		};
		732CE4D323FD42FA005216E8 /* Sources */ = {
			isa = PBXSourcesBuildPhase;
			buildActionMask = 2147483647;
			files = (
				732CE4DC23FD42FA005216E8 /* SimpleTableViewTests.swift in Sources */,
			);
			runOnlyForDeploymentPostprocessing = 0;
		};
		732CE4DE23FD42FA005216E8 /* Sources */ = {
			isa = PBXSourcesBuildPhase;
			buildActionMask = 2147483647;
			files = (
				732CE4E723FD42FA005216E8 /* SimpleTableViewUITests.swift in Sources */,
			);
			runOnlyForDeploymentPostprocessing = 0;
		};
/* End PBXSourcesBuildPhase section */

/* Begin PBXTargetDependency section */
		732CE4D923FD42FA005216E8 /* PBXTargetDependency */ = {
			isa = PBXTargetDependency;
			target = 732CE4C023FD42F8005216E8 /* SimpleTableView */;
			targetProxy = 732CE4D823FD42FA005216E8 /* PBXContainerItemProxy */;
		};
		732CE4E423FD42FA005216E8 /* PBXTargetDependency */ = {
			isa = PBXTargetDependency;
			target = 732CE4C023FD42F8005216E8 /* SimpleTableView */;
			targetProxy = 732CE4E323FD42FA005216E8 /* PBXContainerItemProxy */;
		};
/* End PBXTargetDependency section */

/* Begin PBXVariantGroup section */
		732CE4CA23FD42F8005216E8 /* Main.storyboard */ = {
			isa = PBXVariantGroup;
			children = (
				732CE4CB23FD42F8005216E8 /* Base */,
			);
			name = Main.storyboard;
			sourceTree = "<group>";
		};
		732CE4CF23FD42FA005216E8 /* LaunchScreen.storyboard */ = {
			isa = PBXVariantGroup;
			children = (
				732CE4D023FD42FA005216E8 /* Base */,
			);
			name = LaunchScreen.storyboard;
			sourceTree = "<group>";
		};
/* End PBXVariantGroup section */

/* Begin XCBuildConfiguration section */
		732CE4E923FD42FA005216E8 /* Debug */ = {
			isa = XCBuildConfiguration;
			buildSettings = {
				ALWAYS_SEARCH_USER_PATHS = NO;
				CLANG_ANALYZER_NONNULL = YES;
				CLANG_ANALYZER_NUMBER_OBJECT_CONVERSION = YES_AGGRESSIVE;
				CLANG_CXX_LANGUAGE_STANDARD = "gnu++14";
				CLANG_CXX_LIBRARY = "libc++";
				CLANG_ENABLE_MODULES = YES;
				CLANG_ENABLE_OBJC_ARC = YES;
				CLANG_ENABLE_OBJC_WEAK = YES;
				CLANG_WARN_BLOCK_CAPTURE_AUTORELEASING = YES;
				CLANG_WARN_BOOL_CONVERSION = YES;
				CLANG_WARN_COMMA = YES;
				CLANG_WARN_CONSTANT_CONVERSION = YES;
				CLANG_WARN_DEPRECATED_OBJC_IMPLEMENTATIONS = YES;
				CLANG_WARN_DIRECT_OBJC_ISA_USAGE = YES_ERROR;
				CLANG_WARN_DOCUMENTATION_COMMENTS = YES;
				CLANG_WARN_EMPTY_BODY = YES;
				CLANG_WARN_ENUM_CONVERSION = YES;
				CLANG_WARN_INFINITE_RECURSION = YES;
				CLANG_WARN_INT_CONVERSION = YES;
				CLANG_WARN_NON_LITERAL_NULL_CONVERSION = YES;
				CLANG_WARN_OBJC_IMPLICIT_RETAIN_SELF = YES;
				CLANG_WARN_OBJC_LITERAL_CONVERSION = YES;
				CLANG_WARN_OBJC_ROOT_CLASS = YES_ERROR;
				CLANG_WARN_QUOTED_INCLUDE_IN_FRAMEWORK_HEADER = YES;
				CLANG_WARN_RANGE_LOOP_ANALYSIS = YES;
				CLANG_WARN_STRICT_PROTOTYPES = YES;
				CLANG_WARN_SUSPICIOUS_MOVE = YES;
				CLANG_WARN_UNGUARDED_AVAILABILITY = YES_AGGRESSIVE;
				CLANG_WARN_UNREACHABLE_CODE = YES;
				CLANG_WARN__DUPLICATE_METHOD_MATCH = YES;
				COPY_PHASE_STRIP = NO;
				DEBUG_INFORMATION_FORMAT = dwarf;
				ENABLE_STRICT_OBJC_MSGSEND = YES;
				ENABLE_TESTABILITY = YES;
				GCC_C_LANGUAGE_STANDARD = gnu11;
				GCC_DYNAMIC_NO_PIC = NO;
				GCC_NO_COMMON_BLOCKS = YES;
				GCC_OPTIMIZATION_LEVEL = 0;
				GCC_PREPROCESSOR_DEFINITIONS = (
					"DEBUG=1",
					"$(inherited)",
				);
				GCC_WARN_64_TO_32_BIT_CONVERSION = YES;
				GCC_WARN_ABOUT_RETURN_TYPE = YES_ERROR;
				GCC_WARN_UNDECLARED_SELECTOR = YES;
				GCC_WARN_UNINITIALIZED_AUTOS = YES_AGGRESSIVE;
				GCC_WARN_UNUSED_FUNCTION = YES;
				GCC_WARN_UNUSED_VARIABLE = YES;
				IPHONEOS_DEPLOYMENT_TARGET = 14.5;
				MTL_ENABLE_DEBUG_INFO = INCLUDE_SOURCE;
				MTL_FAST_MATH = YES;
				ONLY_ACTIVE_ARCH = YES;
				SDKROOT = iphoneos;
				SWIFT_ACTIVE_COMPILATION_CONDITIONS = DEBUG;
				SWIFT_OPTIMIZATION_LEVEL = "-Onone";
			};
			name = Debug;
		};
		732CE4EA23FD42FA005216E8 /* Release */ = {
			isa = XCBuildConfiguration;
			buildSettings = {
				ALWAYS_SEARCH_USER_PATHS = NO;
				CLANG_ANALYZER_NONNULL = YES;
				CLANG_ANALYZER_NUMBER_OBJECT_CONVERSION = YES_AGGRESSIVE;
				CLANG_CXX_LANGUAGE_STANDARD = "gnu++14";
				CLANG_CXX_LIBRARY = "libc++";
				CLANG_ENABLE_MODULES = YES;
				CLANG_ENABLE_OBJC_ARC = YES;
				CLANG_ENABLE_OBJC_WEAK = YES;
				CLANG_WARN_BLOCK_CAPTURE_AUTORELEASING = YES;
				CLANG_WARN_BOOL_CONVERSION = YES;
				CLANG_WARN_COMMA = YES;
				CLANG_WARN_CONSTANT_CONVERSION = YES;
				CLANG_WARN_DEPRECATED_OBJC_IMPLEMENTATIONS = YES;
				CLANG_WARN_DIRECT_OBJC_ISA_USAGE = YES_ERROR;
				CLANG_WARN_DOCUMENTATION_COMMENTS = YES;
				CLANG_WARN_EMPTY_BODY = YES;
				CLANG_WARN_ENUM_CONVERSION = YES;
				CLANG_WARN_INFINITE_RECURSION = YES;
				CLANG_WARN_INT_CONVERSION = YES;
				CLANG_WARN_NON_LITERAL_NULL_CONVERSION = YES;
				CLANG_WARN_OBJC_IMPLICIT_RETAIN_SELF = YES;
				CLANG_WARN_OBJC_LITERAL_CONVERSION = YES;
				CLANG_WARN_OBJC_ROOT_CLASS = YES_ERROR;
				CLANG_WARN_QUOTED_INCLUDE_IN_FRAMEWORK_HEADER = YES;
				CLANG_WARN_RANGE_LOOP_ANALYSIS = YES;
				CLANG_WARN_STRICT_PROTOTYPES = YES;
				CLANG_WARN_SUSPICIOUS_MOVE = YES;
				CLANG_WARN_UNGUARDED_AVAILABILITY = YES_AGGRESSIVE;
				CLANG_WARN_UNREACHABLE_CODE = YES;
				CLANG_WARN__DUPLICATE_METHOD_MATCH = YES;
				COPY_PHASE_STRIP = NO;
				DEBUG_INFORMATION_FORMAT = "dwarf-with-dsym";
				ENABLE_NS_ASSERTIONS = NO;
				ENABLE_STRICT_OBJC_MSGSEND = YES;
				GCC_C_LANGUAGE_STANDARD = gnu11;
				GCC_NO_COMMON_BLOCKS = YES;
				GCC_WARN_64_TO_32_BIT_CONVERSION = YES;
				GCC_WARN_ABOUT_RETURN_TYPE = YES_ERROR;
				GCC_WARN_UNDECLARED_SELECTOR = YES;
				GCC_WARN_UNINITIALIZED_AUTOS = YES_AGGRESSIVE;
				GCC_WARN_UNUSED_FUNCTION = YES;
				GCC_WARN_UNUSED_VARIABLE = YES;
				IPHONEOS_DEPLOYMENT_TARGET = 14.5;
				MTL_ENABLE_DEBUG_INFO = NO;
				MTL_FAST_MATH = YES;
				SDKROOT = iphoneos;
				SWIFT_COMPILATION_MODE = wholemodule;
				SWIFT_OPTIMIZATION_LEVEL = "-O";
				VALIDATE_PRODUCT = YES;
			};
			name = Release;
		};
		732CE4EC23FD42FA005216E8 /* Debug */ = {
			isa = XCBuildConfiguration;
			buildSettings = {
				ASSETCATALOG_COMPILER_APPICON_NAME = AppIcon;
				CODE_SIGN_STYLE = Automatic;
				DEVELOPMENT_TEAM = 78VWQD57YS;
				INFOPLIST_FILE = SimpleTableView/Info.plist;
				LD_RUNPATH_SEARCH_PATHS = (
					"$(inherited)",
					"@executable_path/Frameworks",
				);
				PRODUCT_BUNDLE_IDENTIFIER = com.ngoduc.SimpleTableView;
				PRODUCT_NAME = "$(TARGET_NAME)";
				SWIFT_VERSION = 5.0;
				TARGETED_DEVICE_FAMILY = 1;
			};
			name = Debug;
		};
		732CE4ED23FD42FA005216E8 /* Release */ = {
			isa = XCBuildConfiguration;
			buildSettings = {
				ASSETCATALOG_COMPILER_APPICON_NAME = AppIcon;
				CODE_SIGN_STYLE = Automatic;
				DEVELOPMENT_TEAM = 78VWQD57YS;
				INFOPLIST_FILE = SimpleTableView/Info.plist;
				LD_RUNPATH_SEARCH_PATHS = (
					"$(inherited)",
					"@executable_path/Frameworks",
				);
				PRODUCT_BUNDLE_IDENTIFIER = com.ngoduc.SimpleTableView;
				PRODUCT_NAME = "$(TARGET_NAME)";
				SWIFT_VERSION = 5.0;
				TARGETED_DEVICE_FAMILY = 1;
			};
			name = Release;
		};
		732CE4EF23FD42FA005216E8 /* Debug */ = {
			isa = XCBuildConfiguration;
			buildSettings = {
				ALWAYS_EMBED_SWIFT_STANDARD_LIBRARIES = YES;
				BUNDLE_LOADER = "$(TEST_HOST)";
				CODE_SIGN_STYLE = Automatic;
				INFOPLIST_FILE = SimpleTableViewTests/Info.plist;
				IPHONEOS_DEPLOYMENT_TARGET = 14.5;
				LD_RUNPATH_SEARCH_PATHS = (
					"$(inherited)",
					"@executable_path/Frameworks",
					"@loader_path/Frameworks",
				);
				PRODUCT_BUNDLE_IDENTIFIER = com.ngo.pngo.SimpleTableViewTests;
				PRODUCT_NAME = "$(TARGET_NAME)";
				SWIFT_VERSION = 5.0;
				TARGETED_DEVICE_FAMILY = "1,2";
				TEST_HOST = "$(BUILT_PRODUCTS_DIR)/SimpleTableView.app/SimpleTableView";
			};
			name = Debug;
		};
		732CE4F023FD42FA005216E8 /* Release */ = {
			isa = XCBuildConfiguration;
			buildSettings = {
				ALWAYS_EMBED_SWIFT_STANDARD_LIBRARIES = YES;
				BUNDLE_LOADER = "$(TEST_HOST)";
				CODE_SIGN_STYLE = Automatic;
				INFOPLIST_FILE = SimpleTableViewTests/Info.plist;
				IPHONEOS_DEPLOYMENT_TARGET = 14.5;
				LD_RUNPATH_SEARCH_PATHS = (
					"$(inherited)",
					"@executable_path/Frameworks",
					"@loader_path/Frameworks",
				);
				PRODUCT_BUNDLE_IDENTIFIER = com.ngo.pngo.SimpleTableViewTests;
				PRODUCT_NAME = "$(TARGET_NAME)";
				SWIFT_VERSION = 5.0;
				TARGETED_DEVICE_FAMILY = "1,2";
				TEST_HOST = "$(BUILT_PRODUCTS_DIR)/SimpleTableView.app/SimpleTableView";
			};
			name = Release;
		};
		732CE4F223FD42FA005216E8 /* Debug */ = {
			isa = XCBuildConfiguration;
			buildSettings = {
				ALWAYS_EMBED_SWIFT_STANDARD_LIBRARIES = YES;
				CODE_SIGN_STYLE = Automatic;
				INFOPLIST_FILE = SimpleTableViewUITests/Info.plist;
				LD_RUNPATH_SEARCH_PATHS = (
					"$(inherited)",
					"@executable_path/Frameworks",
					"@loader_path/Frameworks",
				);
				PRODUCT_BUNDLE_IDENTIFIER = com.ngo.pngo.SimpleTableViewUITests;
				PRODUCT_NAME = "$(TARGET_NAME)";
				SWIFT_VERSION = 5.0;
				TARGETED_DEVICE_FAMILY = "1,2";
				TEST_TARGET_NAME = SimpleTableView;
			};
			name = Debug;
		};
		732CE4F323FD42FA005216E8 /* Release */ = {
			isa = XCBuildConfiguration;
			buildSettings = {
				ALWAYS_EMBED_SWIFT_STANDARD_LIBRARIES = YES;
				CODE_SIGN_STYLE = Automatic;
				INFOPLIST_FILE = SimpleTableViewUITests/Info.plist;
				LD_RUNPATH_SEARCH_PATHS = (
					"$(inherited)",
					"@executable_path/Frameworks",
					"@loader_path/Frameworks",
				);
				PRODUCT_BUNDLE_IDENTIFIER = com.ngo.pngo.SimpleTableViewUITests;
				PRODUCT_NAME = "$(TARGET_NAME)";
				SWIFT_VERSION = 5.0;
				TARGETED_DEVICE_FAMILY = "1,2";
				TEST_TARGET_NAME = SimpleTableView;
			};
			name = Release;
		};
/* End XCBuildConfiguration section */

/* Begin XCConfigurationList section */
		732CE4BC23FD42F8005216E8 /* Build configuration list for PBXProject "SimpleTableView" */ = {
			isa = XCConfigurationList;
			buildConfigurations = (
				732CE4E923FD42FA005216E8 /* Debug */,
				732CE4EA23FD42FA005216E8 /* Release */,
			);
			defaultConfigurationIsVisible = 0;
			defaultConfigurationName = Release;
		};
		732CE4EB23FD42FA005216E8 /* Build configuration list for PBXNativeTarget "SimpleTableView" */ = {
			isa = XCConfigurationList;
			buildConfigurations = (
				732CE4EC23FD42FA005216E8 /* Debug */,
				732CE4ED23FD42FA005216E8 /* Release */,
			);
			defaultConfigurationIsVisible = 0;
			defaultConfigurationName = Release;
		};
		732CE4EE23FD42FA005216E8 /* Build configuration list for PBXNativeTarget "SimpleTableViewTests" */ = {
			isa = XCConfigurationList;
			buildConfigurations = (
				732CE4EF23FD42FA005216E8 /* Debug */,
				732CE4F023FD42FA005216E8 /* Release */,
			);
			defaultConfigurationIsVisible = 0;
			defaultConfigurationName = Release;
		};
		732CE4F123FD42FA005216E8 /* Build configuration list for PBXNativeTarget "SimpleTableViewUITests" */ = {
			isa = XCConfigurationList;
			buildConfigurations = (
				732CE4F223FD42FA005216E8 /* Debug */,
				732CE4F323FD42FA005216E8 /* Release */,
			);
			defaultConfigurationIsVisible = 0;
			defaultConfigurationName = Release;
		};
/* End XCConfigurationList section */
	};
	rootObject = 732CE4B923FD42F8005216E8 /* Project object */;
}
